<?xml version="1.0" encoding="utf-8"?>
<Project ToolsVersion="4.0" xmlns="http://schemas.microsoft.com/developer/msbuild/2003">
  <ItemGroup>
    <Filter Include="Source Files">
      <UniqueIdentifier>{4FC737F1-C7A5-4376-A066-2A32D752A2FF}</UniqueIdentifier>
      <Extensions>cpp;c;cc;cxx;c++;cppm;ixx;def;odl;idl;hpj;bat;asm;asmx</Extensions>
    </Filter>
    <Filter Include="Header Files">
      <UniqueIdentifier>{93995380-89BD-4b04-88EB-625FBE52EBFB}</UniqueIdentifier>
      <Extensions>h;hh;hpp;hxx;h++;hm;inl;inc;ipp;xsd</Extensions>
    </Filter>
    <Filter Include="Resource Files">
      <UniqueIdentifier>{67DA6AB6-F800-4c08-8B7A-83BB121AAD01}</UniqueIdentifier>
      <Extensions>rc;ico;cur;bmp;dlg;rc2;rct;bin;rgs;gif;jpg;jpeg;jpe;resx;tiff;tif;png;wav;mfcribbon-ms</Extensions>
    </Filter>
    <Filter Include="overheader">
      <UniqueIdentifier>{22f69d99-43ee-431e-8b9d-c0d313d0be62}</UniqueIdentifier>
    </Filter>
  </ItemGroup>
  <ItemGroup>
    <ClCompile Include="main.cpp">
      <Filter>Source Files</Filter>
    </ClCompile>
    <ClCompile Include="Game\Source\Entity.cpp">
      <Filter>Source Files</Filter>
    </ClCompile>
    <ClCompile Include="Game\Source\LevelData.cpp">
      <Filter>Source Files</Filter>
    </ClCompile>
    <ClCompile Include="Game\Source\Enemy.cpp">
      <Filter>Source Files</Filter>
    </ClCompile>
    <ClCompile Include="Editor\Source\Button.cpp">
      <Filter>Source Files</Filter>
    </ClCompile>
    <ClCompile Include="Editor\Source\ExistingLevelMenu.cpp">
      <Filter>Source Files</Filter>
    </ClCompile>
    <ClCompile Include="Editor\Source\Inputs.cpp">
      <Filter>Source Files</Filter>
    </ClCompile>
    <ClCompile Include="Editor\Source\LevelEditMenu.cpp">
      <Filter>Source Files</Filter>
    </ClCompile>
    <ClCompile Include="Editor\Source\Menu.cpp">
      <Filter>Source Files</Filter>
    </ClCompile>
  </ItemGroup>
  <ItemGroup>
    <ClInclude Include="Game\Header\Enemy.h">
      <Filter>Header Files</Filter>
    </ClInclude>
    <ClInclude Include="Game\Header\Entity.h">
      <Filter>Header Files</Filter>
    </ClInclude>
    <ClInclude Include="Game\Header\LevelData.h">
      <Filter>Header Files</Filter>
    </ClInclude>
    <ClInclude Include="Game\Header\Player.h">
      <Filter>Header Files</Filter>
    </ClInclude>
    <ClInclude Include="Editor\Header\Button.h">
      <Filter>Header Files</Filter>
    </ClInclude>
    <ClInclude Include="Editor\Header\ExistingLevelMenu.h">
      <Filter>Header Files</Filter>
    </ClInclude>
    <ClInclude Include="Editor\Header\Inputs.h">
      <Filter>Header Files</Filter>
    </ClInclude>
    <ClInclude Include="Editor\Header\LevelEditMenu.h">
      <Filter>Header Files</Filter>
    </ClInclude>
    <ClInclude Include="Editor\Header\Menu.h">
      <Filter>Header Files</Filter>
    </ClInclude>
    <ClInclude Include="LocationAndDirection.h">
      <Filter>Header Files</Filter>
    </ClInclude>
    <ClInclude Include="Game.h">
      <Filter>overheader</Filter>
    </ClInclude>
    <ClInclude Include="Editor.h">
      <Filter>overheader</Filter>
    </ClInclude>
  </ItemGroup>
</Project>